schema: '2.0'
stages:
  preprocess:
    cmd: venv/bin/python src/preprocess.py
    deps:
    - path: data/raw/resale-flat-prices.csv
      hash: md5
      md5: 7549e5039e966e2c377466f160f8eb29
      size: 21930465
    - path: src/preprocess.py
      hash: md5
      md5: e3354f61acdf68e20734753da5148c01
      size: 995
    outs:
    - path: data/processed/resale-flat-prices-processed.csv
      hash: md5
      md5: 86f75445144c949e2f15ce0f1eb5d50d
      size: 24777016
  train:
    cmd: venv/bin/python src/train.py
    deps:
    - path: data/processed/resale-flat-prices-processed.csv
      hash: md5
      md5: 86f75445144c949e2f15ce0f1eb5d50d
      size: 24777016
    - path: src/train.py
      hash: md5
      md5: 4fc948ca50e60554c4e8045812d14c50
      size: 4428
